
Microsoft Visual Studio Solution File, Format Version 12.00
# Visual Studio Version 16
VisualStudioVersion = 16.0.33214.272
MinimumVisualStudioVersion = 10.0.40219.1
Project("{FAE04EC0-301F-11D3-BF4B-00C04F79EFBC}") = "HelloWorldMicroservices", "HelloWorldMicroservices\HelloWorldMicroservices.csproj", "{8CA252F1-E53A-42C6-B58F-7EEEA7268DFE}"
EndProject
Global
	GlobalSection(SolutionConfigurationPlatforms) = preSolution
		Debug|Any CPU = Debug|Any CPU
		Release|Any CPU = Release|Any CPU
	EndGlobalSection
	GlobalSection(ProjectConfigurationPlatforms) = postSolution
		{8CA252F1-E53A-42C6-B58F-7EEEA7268DFE}.Debug|Any CPU.ActiveCfg = Debug|Any CPU
		{8CA252F1-E53A-42C6-B58F-7EEEA7268DFE}.Debug|Any CPU.Build.0 = Debug|Any CPU
		{8CA252F1-E53A-42C6-B58F-7EEEA7268DFE}.Release|Any CPU.ActiveCfg = Release|Any CPU
		{8CA252F1-E53A-42C6-B58F-7EEEA7268DFE}.Release|Any CPU.Build.0 = Release|Any CPU
	EndGlobalSection
	GlobalSection(SolutionProperties) = preSolution
		HideSolutionNode = FALSE
	EndGlobalSection
	GlobalSection(ExtensibilityGlobals) = postSolution
		SolutionGuid = {FD517A01-303A-4455-8987-3C9FA10DF2AF}
	EndGlobalSection
EndGlobal
